
Microsoft Visual Studio Solution File, Format Version 12.00
# Visual Studio Version 16
VisualStudioVersion = 16.0.31829.152
MinimumVisualStudioVersion = 10.0.40219.1
Project("{FAE04EC0-301F-11D3-BF4B-00C04F79EFBC}") = "Bera_Catalin_Lab5", "Bera_Catalin_Lab5\Bera_Catalin_Lab5.csproj", "{C2D1C0DA-8DA1-4367-9358-01E1CA19B47E}"
EndProject
Project("{FAE04EC0-301F-11D3-BF4B-00C04F79EFBC}") = "AutoLotModel", "AutoLotModel\AutoLotModel.csproj", "{7748970E-88B8-4C1B-B770-E3E54415E54A}"
EndProject
Global
	GlobalSection(SolutionConfigurationPlatforms) = preSolution
		Debug|Any CPU = Debug|Any CPU
		Release|Any CPU = Release|Any CPU
	EndGlobalSection
	GlobalSection(ProjectConfigurationPlatforms) = postSolution
		{C2D1C0DA-8DA1-4367-9358-01E1CA19B47E}.Debug|Any CPU.ActiveCfg = Debug|Any CPU
		{C2D1C0DA-8DA1-4367-9358-01E1CA19B47E}.Debug|Any CPU.Build.0 = Debug|Any CPU
		{C2D1C0DA-8DA1-4367-9358-01E1CA19B47E}.Release|Any CPU.ActiveCfg = Release|Any CPU
		{C2D1C0DA-8DA1-4367-9358-01E1CA19B47E}.Release|Any CPU.Build.0 = Release|Any CPU
		{7748970E-88B8-4C1B-B770-E3E54415E54A}.Debug|Any CPU.ActiveCfg = Debug|Any CPU
		{7748970E-88B8-4C1B-B770-E3E54415E54A}.Debug|Any CPU.Build.0 = Debug|Any CPU
		{7748970E-88B8-4C1B-B770-E3E54415E54A}.Release|Any CPU.ActiveCfg = Release|Any CPU
		{7748970E-88B8-4C1B-B770-E3E54415E54A}.Release|Any CPU.Build.0 = Release|Any CPU
	EndGlobalSection
	GlobalSection(SolutionProperties) = preSolution
		HideSolutionNode = FALSE
	EndGlobalSection
	GlobalSection(ExtensibilityGlobals) = postSolution
		SolutionGuid = {8EE6FFAF-C158-4C03-B523-0C9F4FB1D524}
	EndGlobalSection
EndGlobal
